{
  "name": "animeloop",
  "lockfileVersion": 3,
  "requires": true,
  "packages": {
    "": {
      "dependencies": {
        "@fortawesome/fontawesome-svg-core": "^6.4.2"
      }
    },
    "node_modules/@fortawesome/fontawesome-common-types": {
      "version": "6.4.2",
      "resolved": "https://registry.npmjs.org/@fortawesome/fontawesome-common-types/-/fontawesome-common-types-6.4.2.tgz",
      "integrity": "sha512-1DgP7f+XQIJbLFCTX1V2QnxVmpLdKdzzo2k8EmvDOePfchaIGQ9eCHj2up3/jNEbZuBqel5OxiaOJf37TWauRA==",
      "hasInstallScript": true,
      "engines": {
        "node": ">=6"
      }
    },
    "node_modules/@fortawesome/fontawesome-svg-core": {
      "version": "6.4.2",
      "resolved": "https://registry.npmjs.org/@fortawesome/fontawesome-svg-core/-/fontawesome-svg-core-6.4.2.tgz",
      "integrity": "sha512-gjYDSKv3TrM2sLTOKBc5rH9ckje8Wrwgx1CxAPbN5N3Fm4prfi7NsJVWd1jklp7i5uSCVwhZS5qlhMXqLrpAIg==",
      "hasInstallScript": true,
      "dependencies": {
        "@fortawesome/fontawesome-common-types": "6.4.2"
      },
      "engines": {
        "node": ">=6"
      }
    }
  }
}
